
Microsoft Visual Studio Solution File, Format Version 12.00
# Visual Studio Version 17
VisualStudioVersion = 17.10.35013.160
MinimumVisualStudioVersion = 10.0.40219.1
Project("{FAE04EC0-301F-11D3-BF4B-00C04F79EFBC}") = "Topic 5 - Assignment", "Topic 5 - Assignment\Topic 5 - Assignment.csproj", "{416E4E0A-641C-4975-82DD-EC4C51FD500C}"
EndProject
Global
	GlobalSection(SolutionConfigurationPlatforms) = preSolution
		Debug|Any CPU = Debug|Any CPU
		Release|Any CPU = Release|Any CPU
	EndGlobalSection
	GlobalSection(ProjectConfigurationPlatforms) = postSolution
		{416E4E0A-641C-4975-82DD-EC4C51FD500C}.Debug|Any CPU.ActiveCfg = Debug|Any CPU
		{416E4E0A-641C-4975-82DD-EC4C51FD500C}.Debug|Any CPU.Build.0 = Debug|Any CPU
		{416E4E0A-641C-4975-82DD-EC4C51FD500C}.Release|Any CPU.ActiveCfg = Release|Any CPU
		{416E4E0A-641C-4975-82DD-EC4C51FD500C}.Release|Any CPU.Build.0 = Release|Any CPU
	EndGlobalSection
	GlobalSection(SolutionProperties) = preSolution
		HideSolutionNode = FALSE
	EndGlobalSection
	GlobalSection(ExtensibilityGlobals) = postSolution
		SolutionGuid = {0944D386-279C-40DA-95EF-6E1D04A50CE1}
	EndGlobalSection
EndGlobal
